Microsoft Visual Studio Solution File, Format Version 11.00
# Visual Studio 2008

Project("{EC6551D3-FD90-C6C0-3C77-C8DA9498B265}") = "CSI_Bubbles", "Assembly-CSharp.csproj", "{40A7D181-D8DD-AE75-4385-B277F1967E6F}"
EndProject
Global
	GlobalSection(SolutionConfigurationPlatforms) = preSolution
		Debug|Any CPU = Debug|Any CPU
		Release|Any CPU = Release|Any CPU
	EndGlobalSection
	GlobalSection(ProjectConfigurationPlatforms) = postSolution
		{40A7D181-D8DD-AE75-4385-B277F1967E6F}.Debug|Any CPU.ActiveCfg = Debug|Any CPU
		{40A7D181-D8DD-AE75-4385-B277F1967E6F}.Debug|Any CPU.Build.0 = Debug|Any CPU
		{40A7D181-D8DD-AE75-4385-B277F1967E6F}.Release|Any CPU.ActiveCfg = Release|Any CPU
		{40A7D181-D8DD-AE75-4385-B277F1967E6F}.Release|Any CPU.Build.0 = Release|Any CPU
	EndGlobalSection
	GlobalSection(SolutionProperties) = preSolution
		HideSolutionNode = FALSE
	EndGlobalSection
	GlobalSection(MonoDevelopProperties) = preSolution
		StartupItem = Assembly-CSharp.csproj
	EndGlobalSection
EndGlobal
